
Microsoft Visual Studio Solution File, Format Version 12.00
# Visual Studio Version 16
VisualStudioVersion = 16.0.31605.320
MinimumVisualStudioVersion = 10.0.40219.1
Project("{9A19103F-16F7-4668-BE54-9A1E7A4F7556}") = "Random Quiz", "Random Quiz\Random Quiz.csproj", "{DDBCD6AC-6CC2-401A-BEC0-92C3616E8633}"
EndProject
Project("{FAE04EC0-301F-11D3-BF4B-00C04F79EFBC}") = "RandomQuiz.Tests", "RandomQuiz.Tests\RandomQuiz.Tests.csproj", "{B62912FF-DD7A-42C8-A6CC-564FF8C3457A}"
EndProject
Global
	GlobalSection(SolutionConfigurationPlatforms) = preSolution
		Debug|Any CPU = Debug|Any CPU
		Release|Any CPU = Release|Any CPU
	EndGlobalSection
	GlobalSection(ProjectConfigurationPlatforms) = postSolution
		{DDBCD6AC-6CC2-401A-BEC0-92C3616E8633}.Debug|Any CPU.ActiveCfg = Debug|Any CPU
		{DDBCD6AC-6CC2-401A-BEC0-92C3616E8633}.Debug|Any CPU.Build.0 = Debug|Any CPU
		{DDBCD6AC-6CC2-401A-BEC0-92C3616E8633}.Release|Any CPU.ActiveCfg = Release|Any CPU
		{DDBCD6AC-6CC2-401A-BEC0-92C3616E8633}.Release|Any CPU.Build.0 = Release|Any CPU
		{B62912FF-DD7A-42C8-A6CC-564FF8C3457A}.Debug|Any CPU.ActiveCfg = Debug|Any CPU
		{B62912FF-DD7A-42C8-A6CC-564FF8C3457A}.Debug|Any CPU.Build.0 = Debug|Any CPU
		{B62912FF-DD7A-42C8-A6CC-564FF8C3457A}.Release|Any CPU.ActiveCfg = Release|Any CPU
		{B62912FF-DD7A-42C8-A6CC-564FF8C3457A}.Release|Any CPU.Build.0 = Release|Any CPU
	EndGlobalSection
	GlobalSection(SolutionProperties) = preSolution
		HideSolutionNode = FALSE
	EndGlobalSection
	GlobalSection(ExtensibilityGlobals) = postSolution
		SolutionGuid = {10EE403D-4394-45E0-AD26-90A1F0C3DD7C}
	EndGlobalSection
EndGlobal
